
Microsoft Visual Studio Solution File, Format Version 12.00
# Visual Studio 15
VisualStudioVersion = 15.0.28010.2019
MinimumVisualStudioVersion = 10.0.40219.1
Project("{FAE04EC0-301F-11D3-BF4B-00C04F79EFBC}") = "dao-exercises", "dao-exercises\dao-exercises.csproj", "{A9BBF7E4-6A70-4DC3-8065-93889DFCBFC2}"
EndProject
Global
	GlobalSection(SolutionConfigurationPlatforms) = preSolution
		Debug|Any CPU = Debug|Any CPU
		Release|Any CPU = Release|Any CPU
	EndGlobalSection
	GlobalSection(ProjectConfigurationPlatforms) = postSolution
		{A9BBF7E4-6A70-4DC3-8065-93889DFCBFC2}.Debug|Any CPU.ActiveCfg = Debug|Any CPU
		{A9BBF7E4-6A70-4DC3-8065-93889DFCBFC2}.Debug|Any CPU.Build.0 = Debug|Any CPU
		{A9BBF7E4-6A70-4DC3-8065-93889DFCBFC2}.Release|Any CPU.ActiveCfg = Release|Any CPU
		{A9BBF7E4-6A70-4DC3-8065-93889DFCBFC2}.Release|Any CPU.Build.0 = Release|Any CPU
	EndGlobalSection
	GlobalSection(SolutionProperties) = preSolution
		HideSolutionNode = FALSE
	EndGlobalSection
	GlobalSection(ExtensibilityGlobals) = postSolution
		SolutionGuid = {3DB2BBCE-D6E4-4516-A922-FD85E8B405A8}
	EndGlobalSection
EndGlobal
